
Microsoft Visual Studio Solution File, Format Version 12.00
Project("{FAE04EC0-301F-11D3-BF4B-00C04F79EFBC}") = "OrderBookMonitor", "OrderBookMonitor\OrderBookMonitor.csproj", "{832C2B81-E5DF-4918-82A2-78C52C549B0D}"
EndProject
Project("{FAE04EC0-301F-11D3-BF4B-00C04F79EFBC}") = "OrderBookMonitor.Domain", "OrderBookMonitor.Domain\OrderBookMonitor.Domain.csproj", "{25CB9E5A-1D0D-4F0C-92FB-DA3EF2597CFF}"
EndProject
Project("{FAE04EC0-301F-11D3-BF4B-00C04F79EFBC}") = "OrderBookMonitor.Application", "OrderBookMonitor.Application\OrderBookMonitor.Application.csproj", "{C12FD860-B11B-4963-BF78-04EDD520B005}"
EndProject
Project("{FAE04EC0-301F-11D3-BF4B-00C04F79EFBC}") = "OrderBookMonitor.Infrastructure", "OrderBookMonitor.Infrastructure\OrderBookMonitor.Infrastructure.csproj", "{4FD7A218-A79F-4CA2-910F-D06673C7D81D}"
EndProject
Global
	GlobalSection(SolutionConfigurationPlatforms) = preSolution
		Debug|Any CPU = Debug|Any CPU
		Release|Any CPU = Release|Any CPU
	EndGlobalSection
	GlobalSection(ProjectConfigurationPlatforms) = postSolution
		{832C2B81-E5DF-4918-82A2-78C52C549B0D}.Debug|Any CPU.ActiveCfg = Debug|Any CPU
		{832C2B81-E5DF-4918-82A2-78C52C549B0D}.Debug|Any CPU.Build.0 = Debug|Any CPU
		{832C2B81-E5DF-4918-82A2-78C52C549B0D}.Release|Any CPU.ActiveCfg = Release|Any CPU
		{832C2B81-E5DF-4918-82A2-78C52C549B0D}.Release|Any CPU.Build.0 = Release|Any CPU
		{25CB9E5A-1D0D-4F0C-92FB-DA3EF2597CFF}.Debug|Any CPU.ActiveCfg = Debug|Any CPU
		{25CB9E5A-1D0D-4F0C-92FB-DA3EF2597CFF}.Debug|Any CPU.Build.0 = Debug|Any CPU
		{25CB9E5A-1D0D-4F0C-92FB-DA3EF2597CFF}.Release|Any CPU.ActiveCfg = Release|Any CPU
		{25CB9E5A-1D0D-4F0C-92FB-DA3EF2597CFF}.Release|Any CPU.Build.0 = Release|Any CPU
		{C12FD860-B11B-4963-BF78-04EDD520B005}.Debug|Any CPU.ActiveCfg = Debug|Any CPU
		{C12FD860-B11B-4963-BF78-04EDD520B005}.Debug|Any CPU.Build.0 = Debug|Any CPU
		{C12FD860-B11B-4963-BF78-04EDD520B005}.Release|Any CPU.ActiveCfg = Release|Any CPU
		{C12FD860-B11B-4963-BF78-04EDD520B005}.Release|Any CPU.Build.0 = Release|Any CPU
		{4FD7A218-A79F-4CA2-910F-D06673C7D81D}.Debug|Any CPU.ActiveCfg = Debug|Any CPU
		{4FD7A218-A79F-4CA2-910F-D06673C7D81D}.Debug|Any CPU.Build.0 = Debug|Any CPU
		{4FD7A218-A79F-4CA2-910F-D06673C7D81D}.Release|Any CPU.ActiveCfg = Release|Any CPU
		{4FD7A218-A79F-4CA2-910F-D06673C7D81D}.Release|Any CPU.Build.0 = Release|Any CPU
	EndGlobalSection
EndGlobal
